{
  "nodes": {
    "flake-utils": {
      "locked": {
        "lastModified": 1631561581,
        "narHash": "sha256-3VQMV5zvxaVLvqqUrNz3iJelLw30mIVSfZmAaauM3dA=",
        "owner": "numtide",
        "repo": "flake-utils",
        "rev": "7e5bf3925f6fbdfaf50a2a7ca0be2879c4261d19",
        "type": "github"
      },
      "original": {
        "owner": "numtide",
        "repo": "flake-utils",
        "type": "github"
      }
    },
    "kinc-shader-src": {
      "flake": false,
      "locked": {
        "lastModified": 1625501976,
        "narHash": "sha256-vZEzEl9kfPxd7l/fr4VverZwtBx7cTzY4CwO/PXoej8=",
        "owner": "Kinc-Samples",
        "repo": "Shader-Kinc",
        "rev": "b911f69083c7ce11db21c575fcd4fc720a19564e",
        "type": "github"
      },
      "original": {
        "owner": "Kinc-Samples",
        "repo": "Shader-Kinc",
        "type": "github"
      }
    },
    "kinc-src": {
      "flake": false,
      "locked": {
        "lastModified": 1631724548,
        "narHash": "sha256-E/J/z+ra2i86PwdGfnPG2YnJHoMCrRSzGr87OizWvcU=",
        "owner": "Kode",
        "repo": "Kinc",
        "rev": "42f16f69e7c97852c145dc8862c239feebc54ed5",
        "type": "github"
      },
      "original": {
        "owner": "Kode",
        "repo": "Kinc",
        "type": "github"
      }
    },
    "kinc-texture-src": {
      "flake": false,
      "locked": {
        "lastModified": 1631372719,
        "narHash": "sha256-B3XVbrw/2pIetXRyv+9rsn0l/MzGdGBO5lFg21AbwIs=",
        "owner": "Kinc-Samples",
        "repo": "Texture-Kinc",
        "rev": "295d36ef84bc165c469ab92d82b5bd33badd85ee",
        "type": "github"
      },
      "original": {
        "owner": "Kinc-Samples",
        "repo": "Texture-Kinc",
        "type": "github"
      }
    },
    "krafix-bin": {
      "flake": false,
      "locked": {
        "lastModified": 1634430621,
        "narHash": "sha256-dJrfvnaO5EO25/kcWSZK4LPKmyULmNRIr9Vbz2sv+dU=",
        "owner": "Kode",
        "repo": "krafix_bin",
        "rev": "41bbbc71cf45f26d5b3dec112f4871b16a2e669b",
        "type": "github"
      },
      "original": {
        "owner": "Kode",
        "repo": "krafix_bin",
        "type": "github"
      }
    },
    "nixpkgs": {
      "locked": {
        "lastModified": 1631993469,
        "narHash": "sha256-McX1mqzbXtfyf8w9cA5gJHD2mDjen+4ze6xpHHKXuRI=",
        "owner": "nixos",
        "repo": "nixpkgs",
        "rev": "6120ac5cd201f6cb593d1b80e861be0342495be9",
        "type": "github"
      },
      "original": {
        "owner": "nixos",
        "ref": "nixos-21.05",
        "repo": "nixpkgs",
        "type": "github"
      }
    },
    "root": {
      "inputs": {
        "flake-utils": "flake-utils",
        "kinc-shader-src": "kinc-shader-src",
        "kinc-src": "kinc-src",
        "kinc-texture-src": "kinc-texture-src",
        "krafix-bin": "krafix-bin",
        "nixpkgs": "nixpkgs"
      }
    }
  },
  "root": "root",
  "version": 7
}
