{
  "nodes": {
    "flake-utils": {
      "locked": {
        "lastModified": 1623660459,
        "narHash": "sha256-OTmOsh43po7r5F9s9H6lVCBQ2b0FikWbmiwLbMAGRdw=",
        "owner": "numtide",
        "repo": "flake-utils",
        "rev": "98c8d36b1828009b20f12544214683c7489935a1",
        "type": "github"
      },
      "original": {
        "owner": "numtide",
        "repo": "flake-utils",
        "type": "github"
      }
    },
    "kinc-shader-src": {
      "flake": false,
      "locked": {
        "lastModified": 1620915849,
        "narHash": "sha256-zg6SEp+PqI20D2cRLp+YZwgcl23N6qEaMmNX9RXKMVU=",
        "owner": "Kinc-Samples",
        "repo": "Shader-Kinc",
        "rev": "05c78f1ca4d70137feb92fd8f0a2a750a9214468",
        "type": "github"
      },
      "original": {
        "owner": "Kinc-Samples",
        "repo": "Shader-Kinc",
        "type": "github"
      }
    },
    "kinc-src": {
      "flake": false,
      "locked": {
        "lastModified": 1623428079,
        "narHash": "sha256-r4M/mkhmVbTz/bC4VIUaXDwDT6JcbERNivgWdk0DukQ=",
        "owner": "Kode",
        "repo": "Kinc",
        "rev": "cbc3cb34f71c23acc3daf50cfe90682a63ab7bdd",
        "type": "github"
      },
      "original": {
        "owner": "Kode",
        "repo": "Kinc",
        "type": "github"
      }
    },
    "kinc-texture-src": {
      "flake": false,
      "locked": {
        "lastModified": 1620915904,
        "narHash": "sha256-5hT1dt2aj6BgkDq9t81IOV9zj9jztiFpfKG3FctMiBs=",
        "owner": "Kinc-Samples",
        "repo": "Texture-Kinc",
        "rev": "e53e3ac0709b8e1b4104595eb8770d0c2fc81252",
        "type": "github"
      },
      "original": {
        "owner": "Kinc-Samples",
        "repo": "Texture-Kinc",
        "type": "github"
      }
    },
    "nixpkgs": {
      "locked": {
        "lastModified": 1623576761,
        "narHash": "sha256-krXZQ0lObduC95f40K3JwIT//VIBpXBwVNclqh5njtE=",
        "owner": "nixos",
        "repo": "nixpkgs",
        "rev": "1f91fd1040667e9265a760b0347f8bc416249da7",
        "type": "github"
      },
      "original": {
        "owner": "nixos",
        "ref": "nixos-21.05",
        "repo": "nixpkgs",
        "type": "github"
      }
    },
    "root": {
      "inputs": {
        "flake-utils": "flake-utils",
        "kinc-shader-src": "kinc-shader-src",
        "kinc-src": "kinc-src",
        "kinc-texture-src": "kinc-texture-src",
        "nixpkgs": "nixpkgs"
      }
    }
  },
  "root": "root",
  "version": 7
}
