{
  "nodes": {
    "flake-utils": {
      "locked": {
        "lastModified": 1619345332,
        "narHash": "sha256-qHnQkEp1uklKTpx3MvKtY6xzgcqXDsz5nLilbbuL+3A=",
        "owner": "numtide",
        "repo": "flake-utils",
        "rev": "2ebf2558e5bf978c7fb8ea927dfaed8fefab2e28",
        "type": "github"
      },
      "original": {
        "owner": "numtide",
        "repo": "flake-utils",
        "type": "github"
      }
    },
    "kinc-shader-src": {
      "flake": false,
      "locked": {
        "lastModified": 1618685815,
        "narHash": "sha256-W9EWTXnq5TI3OD4trfQptEgXeTVgoKqp4jJZQ1Dkt28=",
        "owner": "Kinc-Samples",
        "repo": "Shader-Kinc",
        "rev": "6c0a0a14bdf2a655bb23a1e233944032ad05f97c",
        "type": "github"
      },
      "original": {
        "owner": "Kinc-Samples",
        "repo": "Shader-Kinc",
        "type": "github"
      }
    },
    "kinc-src": {
      "flake": false,
      "locked": {
        "lastModified": 1619358274,
        "narHash": "sha256-gsMoVtaLEqwrwVvTauclmdWfrCSxfkcLfShacVidBcQ=",
        "owner": "Kode",
        "repo": "Kinc",
        "rev": "a8879841059a3005930676b241ee4cd38438567a",
        "type": "github"
      },
      "original": {
        "owner": "Kode",
        "repo": "Kinc",
        "type": "github"
      }
    },
    "kinc-texture-src": {
      "flake": false,
      "locked": {
        "lastModified": 1607535639,
        "narHash": "sha256-o6O4W1Oj7/gS5Zls6Qr/+UkD9EFt5vBOP7up+paDwbI=",
        "owner": "Kinc-Samples",
        "repo": "Texture-Kinc",
        "rev": "25670ea5ed3df28591a0128f9220a56ecf959583",
        "type": "github"
      },
      "original": {
        "owner": "Kinc-Samples",
        "repo": "Texture-Kinc",
        "type": "github"
      }
    },
    "nixpkgs": {
      "locked": {
        "lastModified": 1619260288,
        "narHash": "sha256-uzuiQcnOtHGqUxJcHesG/JHK46fKcuS5hZ6VyCbBJaM=",
        "owner": "nixos",
        "repo": "nixpkgs",
        "rev": "00f9323c2717e4b2ed0b3c38c107a75de4198562",
        "type": "github"
      },
      "original": {
        "owner": "nixos",
        "ref": "nixos-20.09",
        "repo": "nixpkgs",
        "type": "github"
      }
    },
    "root": {
      "inputs": {
        "flake-utils": "flake-utils",
        "kinc-shader-src": "kinc-shader-src",
        "kinc-src": "kinc-src",
        "kinc-texture-src": "kinc-texture-src",
        "nixpkgs": "nixpkgs"
      }
    }
  },
  "root": "root",
  "version": 7
}
